
Microsoft Visual Studio Solution File, Format Version 12.00
# Visual Studio Version 16
VisualStudioVersion = 16.0.30907.101
MinimumVisualStudioVersion = 10.0.40219.1
Project("{FAE04EC0-301F-11D3-BF4B-00C04F79EFBC}") = "bounce_Ball", "bounce_Ball.csproj", "{2725860E-F452-4539-AA9E-4194A5009CCD}"
EndProject
Global
	GlobalSection(SolutionConfigurationPlatforms) = preSolution
		Debug|Any CPU = Debug|Any CPU
		Release|Any CPU = Release|Any CPU
	EndGlobalSection
	GlobalSection(ProjectConfigurationPlatforms) = postSolution
		{2725860E-F452-4539-AA9E-4194A5009CCD}.Debug|Any CPU.ActiveCfg = Debug|Any CPU
		{2725860E-F452-4539-AA9E-4194A5009CCD}.Debug|Any CPU.Build.0 = Debug|Any CPU
		{2725860E-F452-4539-AA9E-4194A5009CCD}.Release|Any CPU.ActiveCfg = Release|Any CPU
		{2725860E-F452-4539-AA9E-4194A5009CCD}.Release|Any CPU.Build.0 = Release|Any CPU
	EndGlobalSection
	GlobalSection(SolutionProperties) = preSolution
		HideSolutionNode = FALSE
	EndGlobalSection
	GlobalSection(ExtensibilityGlobals) = postSolution
		SolutionGuid = {585AD14F-CEC0-4274-A169-F609CE080D1E}
	EndGlobalSection
EndGlobal
